// !$*UTF8*$!
{
	archiveVersion = 1;
	classes = {
	};
	objectVersion = 56;
	objects = {

/* Begin PBXBuildFile section */
		D3022E192BABA04D00414A2A /* PhotoCellView.swift in Sources */ = {isa = PBXBuildFile; fileRef = D3022E182BABA04D00414A2A /* PhotoCellView.swift */; };
		D36E8DC22BB89A2800C9A587 /* SearchViewRouter.swift in Sources */ = {isa = PBXBuildFile; fileRef = D36E8DC12BB89A2800C9A587 /* SearchViewRouter.swift */; };
		D36E8DC52BB8AC3F00C9A587 /* ImageCacheManager.swift in Sources */ = {isa = PBXBuildFile; fileRef = D36E8DC42BB8AC3F00C9A587 /* ImageCacheManager.swift */; };
		D3CB1E092BB5DC1C00AAEC00 /* SearchViewPresenter.swift in Sources */ = {isa = PBXBuildFile; fileRef = D3CB1E082BB5DC1C00AAEC00 /* SearchViewPresenter.swift */; };
		D3D238B22BAACC8F000D266C /* AppDelegate.swift in Sources */ = {isa = PBXBuildFile; fileRef = D3D238B12BAACC8F000D266C /* AppDelegate.swift */; };
		D3D238B42BAACC8F000D266C /* SceneDelegate.swift in Sources */ = {isa = PBXBuildFile; fileRef = D3D238B32BAACC8F000D266C /* SceneDelegate.swift */; };
		D3D238BB2BAACC90000D266C /* Assets.xcassets in Resources */ = {isa = PBXBuildFile; fileRef = D3D238BA2BAACC90000D266C /* Assets.xcassets */; };
		D3D238BE2BAACC90000D266C /* Base in Resources */ = {isa = PBXBuildFile; fileRef = D3D238BD2BAACC90000D266C /* Base */; };
		D3D238CE2BAB13AD000D266C /* SearchViewController.swift in Sources */ = {isa = PBXBuildFile; fileRef = D3D238CD2BAB13AD000D266C /* SearchViewController.swift */; };
		D3FB64A32BB1DC7F00C221DD /* NetworkManager.swift in Sources */ = {isa = PBXBuildFile; fileRef = D3FB64A22BB1DC7F00C221DD /* NetworkManager.swift */; };
		D3FB64A52BB2267900C221DD /* DetailViewController.swift in Sources */ = {isa = PBXBuildFile; fileRef = D3FB64A42BB2267800C221DD /* DetailViewController.swift */; };
/* End PBXBuildFile section */

/* Begin PBXFileReference section */
		D3022E182BABA04D00414A2A /* PhotoCellView.swift */ = {isa = PBXFileReference; lastKnownFileType = sourcecode.swift; path = PhotoCellView.swift; sourceTree = "<group>"; };
		D36E8DC12BB89A2800C9A587 /* SearchViewRouter.swift */ = {isa = PBXFileReference; lastKnownFileType = sourcecode.swift; path = SearchViewRouter.swift; sourceTree = "<group>"; };
		D36E8DC42BB8AC3F00C9A587 /* ImageCacheManager.swift */ = {isa = PBXFileReference; lastKnownFileType = sourcecode.swift; path = ImageCacheManager.swift; sourceTree = "<group>"; };
		D3CB1E082BB5DC1C00AAEC00 /* SearchViewPresenter.swift */ = {isa = PBXFileReference; lastKnownFileType = sourcecode.swift; path = SearchViewPresenter.swift; sourceTree = "<group>"; };
		D3D238AE2BAACC8F000D266C /* PhotoSearch.app */ = {isa = PBXFileReference; explicitFileType = wrapper.application; includeInIndex = 0; path = PhotoSearch.app; sourceTree = BUILT_PRODUCTS_DIR; };
		D3D238B12BAACC8F000D266C /* AppDelegate.swift */ = {isa = PBXFileReference; lastKnownFileType = sourcecode.swift; path = AppDelegate.swift; sourceTree = "<group>"; };
		D3D238B32BAACC8F000D266C /* SceneDelegate.swift */ = {isa = PBXFileReference; lastKnownFileType = sourcecode.swift; path = SceneDelegate.swift; sourceTree = "<group>"; };
		D3D238BA2BAACC90000D266C /* Assets.xcassets */ = {isa = PBXFileReference; lastKnownFileType = folder.assetcatalog; path = Assets.xcassets; sourceTree = "<group>"; };
		D3D238BD2BAACC90000D266C /* Base */ = {isa = PBXFileReference; lastKnownFileType = file.storyboard; name = Base; path = Base.lproj/LaunchScreen.storyboard; sourceTree = "<group>"; };
		D3D238BF2BAACC90000D266C /* Info.plist */ = {isa = PBXFileReference; lastKnownFileType = text.plist.xml; path = Info.plist; sourceTree = "<group>"; };
		D3D238CD2BAB13AD000D266C /* SearchViewController.swift */ = {isa = PBXFileReference; lastKnownFileType = sourcecode.swift; path = SearchViewController.swift; sourceTree = "<group>"; };
		D3FB64A22BB1DC7F00C221DD /* NetworkManager.swift */ = {isa = PBXFileReference; lastKnownFileType = sourcecode.swift; path = NetworkManager.swift; sourceTree = "<group>"; };
		D3FB64A42BB2267800C221DD /* DetailViewController.swift */ = {isa = PBXFileReference; lastKnownFileType = sourcecode.swift; path = DetailViewController.swift; sourceTree = "<group>"; };
/* End PBXFileReference section */

/* Begin PBXFrameworksBuildPhase section */
		D3D238AB2BAACC8F000D266C /* Frameworks */ = {
			isa = PBXFrameworksBuildPhase;
			buildActionMask = 2147483647;
			files = (
			);
			runOnlyForDeploymentPostprocessing = 0;
		};
/* End PBXFrameworksBuildPhase section */

/* Begin PBXGroup section */
		D36E8DC32BB8A48F00C9A587 /* Views */ = {
			isa = PBXGroup;
			children = (
				D3022E182BABA04D00414A2A /* PhotoCellView.swift */,
			);
			path = Views;
			sourceTree = "<group>";
		};
		D3D238A52BAACC8F000D266C = {
			isa = PBXGroup;
			children = (
				D3D238B02BAACC8F000D266C /* PhotoSearch */,
				D3D238AF2BAACC8F000D266C /* Products */,
			);
			sourceTree = "<group>";
		};
		D3D238AF2BAACC8F000D266C /* Products */ = {
			isa = PBXGroup;
			children = (
				D3D238AE2BAACC8F000D266C /* PhotoSearch.app */,
			);
			name = Products;
			sourceTree = "<group>";
		};
		D3D238B02BAACC8F000D266C /* PhotoSearch */ = {
			isa = PBXGroup;
			children = (
				D3FB64A12BB1DC5A00C221DD /* Network */,
				D3D238C82BAACCFC000D266C /* Scenes */,
				D3D238C72BAACCE8000D266C /* Storyboards */,
				D3D238C62BAACCD0000D266C /* Resources */,
				D3D238C52BAACCAE000D266C /* Configurations */,
			);
			path = PhotoSearch;
			sourceTree = "<group>";
		};
		D3D238C52BAACCAE000D266C /* Configurations */ = {
			isa = PBXGroup;
			children = (
				D3D238B12BAACC8F000D266C /* AppDelegate.swift */,
				D3D238B32BAACC8F000D266C /* SceneDelegate.swift */,
				D3D238BF2BAACC90000D266C /* Info.plist */,
			);
			path = Configurations;
			sourceTree = "<group>";
		};
		D3D238C62BAACCD0000D266C /* Resources */ = {
			isa = PBXGroup;
			children = (
				D3D238BA2BAACC90000D266C /* Assets.xcassets */,
			);
			path = Resources;
			sourceTree = "<group>";
		};
		D3D238C72BAACCE8000D266C /* Storyboards */ = {
			isa = PBXGroup;
			children = (
				D3D238BC2BAACC90000D266C /* LaunchScreen.storyboard */,
			);
			path = Storyboards;
			sourceTree = "<group>";
		};
		D3D238C82BAACCFC000D266C /* Scenes */ = {
			isa = PBXGroup;
			children = (
				D3D238CC2BAB0A48000D266C /* DetailScene */,
				D3D238C92BAB09D1000D266C /* SearchScene */,
			);
			path = Scenes;
			sourceTree = "<group>";
		};
		D3D238C92BAB09D1000D266C /* SearchScene */ = {
			isa = PBXGroup;
			children = (
				D36E8DC32BB8A48F00C9A587 /* Views */,
				D3D238CD2BAB13AD000D266C /* SearchViewController.swift */,
				D3CB1E082BB5DC1C00AAEC00 /* SearchViewPresenter.swift */,
				D36E8DC12BB89A2800C9A587 /* SearchViewRouter.swift */,
			);
			path = SearchScene;
			sourceTree = "<group>";
		};
		D3D238CC2BAB0A48000D266C /* DetailScene */ = {
			isa = PBXGroup;
			children = (
				D3FB64A42BB2267800C221DD /* DetailViewController.swift */,
			);
			path = DetailScene;
			sourceTree = "<group>";
		};
		D3FB64A12BB1DC5A00C221DD /* Network */ = {
			isa = PBXGroup;
			children = (
				D3FB64A22BB1DC7F00C221DD /* NetworkManager.swift */,
				D36E8DC42BB8AC3F00C9A587 /* ImageCacheManager.swift */,
			);
			path = Network;
			sourceTree = "<group>";
		};
/* End PBXGroup section */

/* Begin PBXNativeTarget section */
		D3D238AD2BAACC8F000D266C /* PhotoSearch */ = {
			isa = PBXNativeTarget;
			buildConfigurationList = D3D238C22BAACC90000D266C /* Build configuration list for PBXNativeTarget "PhotoSearch" */;
			buildPhases = (
				D3D238AA2BAACC8F000D266C /* Sources */,
				D3D238AB2BAACC8F000D266C /* Frameworks */,
				D3D238AC2BAACC8F000D266C /* Resources */,
			);
			buildRules = (
			);
			dependencies = (
			);
			name = PhotoSearch;
			productName = PhotoSearch;
			productReference = D3D238AE2BAACC8F000D266C /* PhotoSearch.app */;
			productType = "com.apple.product-type.application";
		};
/* End PBXNativeTarget section */

/* Begin PBXProject section */
		D3D238A62BAACC8F000D266C /* Project object */ = {
			isa = PBXProject;
			attributes = {
				BuildIndependentTargetsInParallel = 1;
				LastSwiftUpdateCheck = 1530;
				LastUpgradeCheck = 1530;
				TargetAttributes = {
					D3D238AD2BAACC8F000D266C = {
						CreatedOnToolsVersion = 15.3;
					};
				};
			};
			buildConfigurationList = D3D238A92BAACC8F000D266C /* Build configuration list for PBXProject "PhotoSearch" */;
			compatibilityVersion = "Xcode 14.0";
			developmentRegion = en;
			hasScannedForEncodings = 0;
			knownRegions = (
				en,
				Base,
			);
			mainGroup = D3D238A52BAACC8F000D266C;
			productRefGroup = D3D238AF2BAACC8F000D266C /* Products */;
			projectDirPath = "";
			projectRoot = "";
			targets = (
				D3D238AD2BAACC8F000D266C /* PhotoSearch */,
			);
		};
/* End PBXProject section */

/* Begin PBXResourcesBuildPhase section */
		D3D238AC2BAACC8F000D266C /* Resources */ = {
			isa = PBXResourcesBuildPhase;
			buildActionMask = 2147483647;
			files = (
				D3D238BB2BAACC90000D266C /* Assets.xcassets in Resources */,
				D3D238BE2BAACC90000D266C /* Base in Resources */,
			);
			runOnlyForDeploymentPostprocessing = 0;
		};
/* End PBXResourcesBuildPhase section */

/* Begin PBXSourcesBuildPhase section */
		D3D238AA2BAACC8F000D266C /* Sources */ = {
			isa = PBXSourcesBuildPhase;
			buildActionMask = 2147483647;
			files = (
				D3FB64A32BB1DC7F00C221DD /* NetworkManager.swift in Sources */,
				D3022E192BABA04D00414A2A /* PhotoCellView.swift in Sources */,
				D36E8DC52BB8AC3F00C9A587 /* ImageCacheManager.swift in Sources */,
				D3D238CE2BAB13AD000D266C /* SearchViewController.swift in Sources */,
				D36E8DC22BB89A2800C9A587 /* SearchViewRouter.swift in Sources */,
				D3CB1E092BB5DC1C00AAEC00 /* SearchViewPresenter.swift in Sources */,
				D3D238B22BAACC8F000D266C /* AppDelegate.swift in Sources */,
				D3D238B42BAACC8F000D266C /* SceneDelegate.swift in Sources */,
				D3FB64A52BB2267900C221DD /* DetailViewController.swift in Sources */,
			);
			runOnlyForDeploymentPostprocessing = 0;
		};
/* End PBXSourcesBuildPhase section */

/* Begin PBXVariantGroup section */
		D3D238BC2BAACC90000D266C /* LaunchScreen.storyboard */ = {
			isa = PBXVariantGroup;
			children = (
				D3D238BD2BAACC90000D266C /* Base */,
			);
			name = LaunchScreen.storyboard;
			sourceTree = "<group>";
		};
/* End PBXVariantGroup section */

/* Begin XCBuildConfiguration section */
		D3D238C02BAACC90000D266C /* Debug */ = {
			isa = XCBuildConfiguration;
			buildSettings = {
				ALWAYS_SEARCH_USER_PATHS = NO;
				ASSETCATALOG_COMPILER_GENERATE_SWIFT_ASSET_SYMBOL_EXTENSIONS = YES;
				CLANG_ANALYZER_NONNULL = YES;
				CLANG_ANALYZER_NUMBER_OBJECT_CONVERSION = YES_AGGRESSIVE;
				CLANG_CXX_LANGUAGE_STANDARD = "gnu++20";
				CLANG_ENABLE_MODULES = YES;
				CLANG_ENABLE_OBJC_ARC = YES;
				CLANG_ENABLE_OBJC_WEAK = YES;
				CLANG_WARN_BLOCK_CAPTURE_AUTORELEASING = YES;
				CLANG_WARN_BOOL_CONVERSION = YES;
				CLANG_WARN_COMMA = YES;
				CLANG_WARN_CONSTANT_CONVERSION = YES;
				CLANG_WARN_DEPRECATED_OBJC_IMPLEMENTATIONS = YES;
				CLANG_WARN_DIRECT_OBJC_ISA_USAGE = YES_ERROR;
				CLANG_WARN_DOCUMENTATION_COMMENTS = YES;
				CLANG_WARN_EMPTY_BODY = YES;
				CLANG_WARN_ENUM_CONVERSION = YES;
				CLANG_WARN_INFINITE_RECURSION = YES;
				CLANG_WARN_INT_CONVERSION = YES;
				CLANG_WARN_NON_LITERAL_NULL_CONVERSION = YES;
				CLANG_WARN_OBJC_IMPLICIT_RETAIN_SELF = YES;
				CLANG_WARN_OBJC_LITERAL_CONVERSION = YES;
				CLANG_WARN_OBJC_ROOT_CLASS = YES_ERROR;
				CLANG_WARN_QUOTED_INCLUDE_IN_FRAMEWORK_HEADER = YES;
				CLANG_WARN_RANGE_LOOP_ANALYSIS = YES;
				CLANG_WARN_STRICT_PROTOTYPES = YES;
				CLANG_WARN_SUSPICIOUS_MOVE = YES;
				CLANG_WARN_UNGUARDED_AVAILABILITY = YES_AGGRESSIVE;
				CLANG_WARN_UNREACHABLE_CODE = YES;
				CLANG_WARN__DUPLICATE_METHOD_MATCH = YES;
				COPY_PHASE_STRIP = NO;
				DEBUG_INFORMATION_FORMAT = dwarf;
				ENABLE_STRICT_OBJC_MSGSEND = YES;
				ENABLE_TESTABILITY = YES;
				ENABLE_USER_SCRIPT_SANDBOXING = YES;
				GCC_C_LANGUAGE_STANDARD = gnu17;
				GCC_DYNAMIC_NO_PIC = NO;
				GCC_NO_COMMON_BLOCKS = YES;
				GCC_OPTIMIZATION_LEVEL = 0;
				GCC_PREPROCESSOR_DEFINITIONS = (
					"DEBUG=1",
					"$(inherited)",
				);
				GCC_WARN_64_TO_32_BIT_CONVERSION = YES;
				GCC_WARN_ABOUT_RETURN_TYPE = YES_ERROR;
				GCC_WARN_UNDECLARED_SELECTOR = YES;
				GCC_WARN_UNINITIALIZED_AUTOS = YES_AGGRESSIVE;
				GCC_WARN_UNUSED_FUNCTION = YES;
				GCC_WARN_UNUSED_VARIABLE = YES;
				IPHONEOS_DEPLOYMENT_TARGET = 17.4;
				LOCALIZATION_PREFERS_STRING_CATALOGS = YES;
				MTL_ENABLE_DEBUG_INFO = INCLUDE_SOURCE;
				MTL_FAST_MATH = YES;
				ONLY_ACTIVE_ARCH = YES;
				SDKROOT = iphoneos;
				SWIFT_ACTIVE_COMPILATION_CONDITIONS = "DEBUG $(inherited)";
				SWIFT_OPTIMIZATION_LEVEL = "-Onone";
			};
			name = Debug;
		};
		D3D238C12BAACC90000D266C /* Release */ = {
			isa = XCBuildConfiguration;
			buildSettings = {
				ALWAYS_SEARCH_USER_PATHS = NO;
				ASSETCATALOG_COMPILER_GENERATE_SWIFT_ASSET_SYMBOL_EXTENSIONS = YES;
				CLANG_ANALYZER_NONNULL = YES;
				CLANG_ANALYZER_NUMBER_OBJECT_CONVERSION = YES_AGGRESSIVE;
				CLANG_CXX_LANGUAGE_STANDARD = "gnu++20";
				CLANG_ENABLE_MODULES = YES;
				CLANG_ENABLE_OBJC_ARC = YES;
				CLANG_ENABLE_OBJC_WEAK = YES;
				CLANG_WARN_BLOCK_CAPTURE_AUTORELEASING = YES;
				CLANG_WARN_BOOL_CONVERSION = YES;
				CLANG_WARN_COMMA = YES;
				CLANG_WARN_CONSTANT_CONVERSION = YES;
				CLANG_WARN_DEPRECATED_OBJC_IMPLEMENTATIONS = YES;
				CLANG_WARN_DIRECT_OBJC_ISA_USAGE = YES_ERROR;
				CLANG_WARN_DOCUMENTATION_COMMENTS = YES;
				CLANG_WARN_EMPTY_BODY = YES;
				CLANG_WARN_ENUM_CONVERSION = YES;
				CLANG_WARN_INFINITE_RECURSION = YES;
				CLANG_WARN_INT_CONVERSION = YES;
				CLANG_WARN_NON_LITERAL_NULL_CONVERSION = YES;
				CLANG_WARN_OBJC_IMPLICIT_RETAIN_SELF = YES;
				CLANG_WARN_OBJC_LITERAL_CONVERSION = YES;
				CLANG_WARN_OBJC_ROOT_CLASS = YES_ERROR;
				CLANG_WARN_QUOTED_INCLUDE_IN_FRAMEWORK_HEADER = YES;
				CLANG_WARN_RANGE_LOOP_ANALYSIS = YES;
				CLANG_WARN_STRICT_PROTOTYPES = YES;
				CLANG_WARN_SUSPICIOUS_MOVE = YES;
				CLANG_WARN_UNGUARDED_AVAILABILITY = YES_AGGRESSIVE;
				CLANG_WARN_UNREACHABLE_CODE = YES;
				CLANG_WARN__DUPLICATE_METHOD_MATCH = YES;
				COPY_PHASE_STRIP = NO;
				DEBUG_INFORMATION_FORMAT = "dwarf-with-dsym";
				ENABLE_NS_ASSERTIONS = NO;
				ENABLE_STRICT_OBJC_MSGSEND = YES;
				ENABLE_USER_SCRIPT_SANDBOXING = YES;
				GCC_C_LANGUAGE_STANDARD = gnu17;
				GCC_NO_COMMON_BLOCKS = YES;
				GCC_WARN_64_TO_32_BIT_CONVERSION = YES;
				GCC_WARN_ABOUT_RETURN_TYPE = YES_ERROR;
				GCC_WARN_UNDECLARED_SELECTOR = YES;
				GCC_WARN_UNINITIALIZED_AUTOS = YES_AGGRESSIVE;
				GCC_WARN_UNUSED_FUNCTION = YES;
				GCC_WARN_UNUSED_VARIABLE = YES;
				IPHONEOS_DEPLOYMENT_TARGET = 17.4;
				LOCALIZATION_PREFERS_STRING_CATALOGS = YES;
				MTL_ENABLE_DEBUG_INFO = NO;
				MTL_FAST_MATH = YES;
				SDKROOT = iphoneos;
				SWIFT_COMPILATION_MODE = wholemodule;
				VALIDATE_PRODUCT = YES;
			};
			name = Release;
		};
		D3D238C32BAACC90000D266C /* Debug */ = {
			isa = XCBuildConfiguration;
			buildSettings = {
				ASSETCATALOG_COMPILER_APPICON_NAME = AppIcon;
				ASSETCATALOG_COMPILER_GLOBAL_ACCENT_COLOR_NAME = AccentColor;
				CODE_SIGN_STYLE = Automatic;
				CURRENT_PROJECT_VERSION = 1;
				GENERATE_INFOPLIST_FILE = YES;
				INFOPLIST_FILE = PhotoSearch/Configurations/Info.plist;
				INFOPLIST_KEY_UIApplicationSupportsIndirectInputEvents = YES;
				INFOPLIST_KEY_UILaunchStoryboardName = LaunchScreen;
				INFOPLIST_KEY_UIMainStoryboardFile = "";
				INFOPLIST_KEY_UISupportedInterfaceOrientations = UIInterfaceOrientationPortrait;
				LD_RUNPATH_SEARCH_PATHS = (
					"$(inherited)",
					"@executable_path/Frameworks",
				);
				MARKETING_VERSION = 1.0;
				PRODUCT_BUNDLE_IDENTIFIER = denis.karpov.PhotoSearch;
				PRODUCT_NAME = "$(TARGET_NAME)";
				SWIFT_EMIT_LOC_STRINGS = YES;
				SWIFT_VERSION = 5.0;
				TARGETED_DEVICE_FAMILY = "1,2";
			};
			name = Debug;
		};
		D3D238C42BAACC90000D266C /* Release */ = {
			isa = XCBuildConfiguration;
			buildSettings = {
				ASSETCATALOG_COMPILER_APPICON_NAME = AppIcon;
				ASSETCATALOG_COMPILER_GLOBAL_ACCENT_COLOR_NAME = AccentColor;
				CODE_SIGN_STYLE = Automatic;
				CURRENT_PROJECT_VERSION = 1;
				GENERATE_INFOPLIST_FILE = YES;
				INFOPLIST_FILE = PhotoSearch/Configurations/Info.plist;
				INFOPLIST_KEY_UIApplicationSupportsIndirectInputEvents = YES;
				INFOPLIST_KEY_UILaunchStoryboardName = LaunchScreen;
				INFOPLIST_KEY_UIMainStoryboardFile = "";
				INFOPLIST_KEY_UISupportedInterfaceOrientations = UIInterfaceOrientationPortrait;
				LD_RUNPATH_SEARCH_PATHS = (
					"$(inherited)",
					"@executable_path/Frameworks",
				);
				MARKETING_VERSION = 1.0;
				PRODUCT_BUNDLE_IDENTIFIER = denis.karpov.PhotoSearch;
				PRODUCT_NAME = "$(TARGET_NAME)";
				SWIFT_EMIT_LOC_STRINGS = YES;
				SWIFT_VERSION = 5.0;
				TARGETED_DEVICE_FAMILY = "1,2";
			};
			name = Release;
		};
/* End XCBuildConfiguration section */

/* Begin XCConfigurationList section */
		D3D238A92BAACC8F000D266C /* Build configuration list for PBXProject "PhotoSearch" */ = {
			isa = XCConfigurationList;
			buildConfigurations = (
				D3D238C02BAACC90000D266C /* Debug */,
				D3D238C12BAACC90000D266C /* Release */,
			);
			defaultConfigurationIsVisible = 0;
			defaultConfigurationName = Release;
		};
		D3D238C22BAACC90000D266C /* Build configuration list for PBXNativeTarget "PhotoSearch" */ = {
			isa = XCConfigurationList;
			buildConfigurations = (
				D3D238C32BAACC90000D266C /* Debug */,
				D3D238C42BAACC90000D266C /* Release */,
			);
			defaultConfigurationIsVisible = 0;
			defaultConfigurationName = Release;
		};
/* End XCConfigurationList section */
	};
	rootObject = D3D238A62BAACC8F000D266C /* Project object */;
}
